
Microsoft Visual Studio Solution File, Format Version 12.00
# Visual Studio Version 17
VisualStudioVersion = 17.12.35521.163
MinimumVisualStudioVersion = 10.0.40219.1
Project("{FAE04EC0-301F-11D3-BF4B-00C04F79EFBC}") = "Coding_Exercise_2", "Coding_Exercise_2\Coding_Exercise_2.csproj", "{53BDC507-B041-4511-AE3D-DC676C5FF7E9}"
EndProject
Project("{FAE04EC0-301F-11D3-BF4B-00C04F79EFBC}") = "Coding_Exercise_3", "Coding_Exercise_3\Coding_Exercise_3.csproj", "{A61973BD-2944-44AF-9E96-29BC865827C0}"
EndProject
Project("{FAE04EC0-301F-11D3-BF4B-00C04F79EFBC}") = "Coding_Exercise_4", "Coding_Exercise_4\Coding_Exercise_4.csproj", "{5EEC36CB-A61F-4F0D-8952-B70881ED1A93}"
EndProject
Project("{FAE04EC0-301F-11D3-BF4B-00C04F79EFBC}") = "Coding_Exercise_5", "Coding_Exercise_5\Coding_Exercise_5.csproj", "{CB29D837-4AA4-48CB-B1B9-E99CE5F5279E}"
EndProject
Project("{FAE04EC0-301F-11D3-BF4B-00C04F79EFBC}") = "Coding_Exercise_1", "Coding_Exercise_1\Coding_Exercise_1.csproj", "{C74FFBD7-1A9B-48D0-B87E-2F96117BAE0B}"
EndProject
Project("{FAE04EC0-301F-11D3-BF4B-00C04F79EFBC}") = "Coding_Exercise_6", "Coding_Exercise_6\Coding_Exercise_6.csproj", "{BA196463-1C25-473A-ACB5-D9CF435B9949}"
EndProject
Project("{FAE04EC0-301F-11D3-BF4B-00C04F79EFBC}") = "Coding_Exercise_7", "Coding_Exercise_7\Coding_Exercise_7.csproj", "{993ACEEB-C829-4FB6-B505-F5CEF7D0E524}"
EndProject
Project("{FAE04EC0-301F-11D3-BF4B-00C04F79EFBC}") = "Coding_Exercise_8", "Coding_Exercise_8\Coding_Exercise_8.csproj", "{1E06C8A2-56D1-482B-9976-9A50FB3CB294}"
EndProject
Project("{FAE04EC0-301F-11D3-BF4B-00C04F79EFBC}") = "Coding_Exercise_9", "Coding_Exercise_9\Coding_Exercise_9.csproj", "{F58EEFAC-2871-4DE7-84BB-AE328EDDB19D}"
EndProject
Project("{FAE04EC0-301F-11D3-BF4B-00C04F79EFBC}") = "Coding_Exercise_10", "Coding_Exercise_10\Coding_Exercise_10.csproj", "{62BC8806-F55B-4D62-80CA-CE40C3F9B03F}"
EndProject
Project("{FAE04EC0-301F-11D3-BF4B-00C04F79EFBC}") = "Coding_Exercise_11", "Coding_Exercise_11\Coding_Exercise_11.csproj", "{E34943D1-5932-46D7-9364-8EF9230D5B73}"
EndProject
Project("{FAE04EC0-301F-11D3-BF4B-00C04F79EFBC}") = "Coding_Exercise_12", "Coding_Exercise_12\Coding_Exercise_12.csproj", "{89265314-7EFA-41EC-B61E-6BA706D1F7C0}"
EndProject
Project("{FAE04EC0-301F-11D3-BF4B-00C04F79EFBC}") = "Coding_Exercise_13", "Coding_Exercise_13\Coding_Exercise_13.csproj", "{A873376F-F048-4D6F-985B-CB2561EF493E}"
EndProject
Project("{FAE04EC0-301F-11D3-BF4B-00C04F79EFBC}") = "Coding_Exercise_14", "Coding_Exercise_14\Coding_Exercise_14.csproj", "{37FC753A-3849-4446-8279-624CC4D9F724}"
EndProject
Project("{FAE04EC0-301F-11D3-BF4B-00C04F79EFBC}") = "Coding_Exercise_15", "Coding_Exercise_15\Coding_Exercise_15.csproj", "{7BD6A1D2-B827-4ED0-9248-D685FE591DBB}"
EndProject
Project("{FAE04EC0-301F-11D3-BF4B-00C04F79EFBC}") = "Coding_Exercise_16", "Coding_Exercise_16\Coding_Exercise_16.csproj", "{1C1E5B7A-54D0-4A30-9377-72FA7DAB9A48}"
EndProject
Project("{FAE04EC0-301F-11D3-BF4B-00C04F79EFBC}") = "Coding_Exercise_17", "Coding_Exercise-17\Coding_Exercise_17.csproj", "{DB34BE1F-56D9-4C7F-A7CB-9F34B5CF4342}"
EndProject
Project("{FAE04EC0-301F-11D3-BF4B-00C04F79EFBC}") = "Coding_Exercise_18", "Coding_Exercise_18\Coding_Exercise_18.csproj", "{3C7CBA22-3C2C-499B-9BF9-B76C44CB59BA}"
EndProject
Project("{FAE04EC0-301F-11D3-BF4B-00C04F79EFBC}") = "Coding_Exercise_19", "Coding_Exercise_19\Coding_Exercise_19.csproj", "{0762161B-829E-48DE-9886-68A82C1EE832}"
EndProject
Project("{FAE04EC0-301F-11D3-BF4B-00C04F79EFBC}") = "Coding_Exercise_20", "Coding_Exercise_20\Coding_Exercise_20.csproj", "{1817F0A6-AC2E-4E03-ADB8-30B7E5B136A4}"
EndProject
Project("{FAE04EC0-301F-11D3-BF4B-00C04F79EFBC}") = "Coding_Exercise_21", "Coding_Exercise_21\Coding_Exercise_21.csproj", "{C4BDC292-EACC-47E2-8BE8-056067176A23}"
EndProject
Project("{FAE04EC0-301F-11D3-BF4B-00C04F79EFBC}") = "Coding_Exercise_22", "Coding_Exercise_22\Coding_Exercise_22.csproj", "{3D274F0D-4090-4C77-BC38-C6A48584A5EC}"
EndProject
Project("{FAE04EC0-301F-11D3-BF4B-00C04F79EFBC}") = "Coding_Exercise_23", "Coding_Exercise_23\Coding_Exercise_23.csproj", "{EBAC6D51-1D42-4337-9E43-DD5B641789D3}"
EndProject
Project("{FAE04EC0-301F-11D3-BF4B-00C04F79EFBC}") = "Coding_Exercise_24", "Coding_Exercise_24\Coding_Exercise_24.csproj", "{BC153B63-6F52-4256-A7E7-BC38224B940A}"
EndProject
Project("{FAE04EC0-301F-11D3-BF4B-00C04F79EFBC}") = "Coding_Exercise_25", "Coding_Exercise_25\Coding_Exercise_25.csproj", "{0A6EDE35-4B69-4D96-883D-CE51A4882189}"
EndProject
Project("{FAE04EC0-301F-11D3-BF4B-00C04F79EFBC}") = "Coding_Exercise_26", "Coding_Exercise_26\Coding_Exercise_26.csproj", "{64DB3BCB-F375-4107-856E-60FA46A002C9}"
EndProject
Project("{FAE04EC0-301F-11D3-BF4B-00C04F79EFBC}") = "Coding_Exercise_27", "Coding_Exercise_27\Coding_Exercise_27.csproj", "{F28F58F2-7C8C-4C43-A75C-76E7375F4DD1}"
EndProject
Project("{FAE04EC0-301F-11D3-BF4B-00C04F79EFBC}") = "Coding_Exercise_28", "Coding_Exercise_28\Coding_Exercise_28.csproj", "{B7B28DA2-C9B3-4345-AD9A-7724FEE158BB}"
EndProject
Project("{FAE04EC0-301F-11D3-BF4B-00C04F79EFBC}") = "Coding_Exercise_29", "Coding_Exercise_29\Coding_Exercise_29.csproj", "{1C0FA3FB-8D23-471E-8285-3CB7E87EC2A4}"
EndProject
Project("{FAE04EC0-301F-11D3-BF4B-00C04F79EFBC}") = "Coding_Exercise_30", "Coding_Exercise_30\Coding_Exercise_30.csproj", "{F92BBA40-FC82-4BF4-8899-8C7C23B97681}"
EndProject
Global
	GlobalSection(SolutionConfigurationPlatforms) = preSolution
		Debug|Any CPU = Debug|Any CPU
		Debug|x64 = Debug|x64
		Debug|x86 = Debug|x86
		Release|Any CPU = Release|Any CPU
		Release|x64 = Release|x64
		Release|x86 = Release|x86
	EndGlobalSection
	GlobalSection(ProjectConfigurationPlatforms) = postSolution
		{53BDC507-B041-4511-AE3D-DC676C5FF7E9}.Debug|Any CPU.ActiveCfg = Debug|Any CPU
		{53BDC507-B041-4511-AE3D-DC676C5FF7E9}.Debug|Any CPU.Build.0 = Debug|Any CPU
		{53BDC507-B041-4511-AE3D-DC676C5FF7E9}.Debug|x64.ActiveCfg = Debug|Any CPU
		{53BDC507-B041-4511-AE3D-DC676C5FF7E9}.Debug|x64.Build.0 = Debug|Any CPU
		{53BDC507-B041-4511-AE3D-DC676C5FF7E9}.Debug|x86.ActiveCfg = Debug|Any CPU
		{53BDC507-B041-4511-AE3D-DC676C5FF7E9}.Debug|x86.Build.0 = Debug|Any CPU
		{53BDC507-B041-4511-AE3D-DC676C5FF7E9}.Release|Any CPU.ActiveCfg = Release|Any CPU
		{53BDC507-B041-4511-AE3D-DC676C5FF7E9}.Release|Any CPU.Build.0 = Release|Any CPU
		{53BDC507-B041-4511-AE3D-DC676C5FF7E9}.Release|x64.ActiveCfg = Release|Any CPU
		{53BDC507-B041-4511-AE3D-DC676C5FF7E9}.Release|x64.Build.0 = Release|Any CPU
		{53BDC507-B041-4511-AE3D-DC676C5FF7E9}.Release|x86.ActiveCfg = Release|Any CPU
		{53BDC507-B041-4511-AE3D-DC676C5FF7E9}.Release|x86.Build.0 = Release|Any CPU
		{A61973BD-2944-44AF-9E96-29BC865827C0}.Debug|Any CPU.ActiveCfg = Debug|Any CPU
		{A61973BD-2944-44AF-9E96-29BC865827C0}.Debug|Any CPU.Build.0 = Debug|Any CPU
		{A61973BD-2944-44AF-9E96-29BC865827C0}.Debug|x64.ActiveCfg = Debug|Any CPU
		{A61973BD-2944-44AF-9E96-29BC865827C0}.Debug|x64.Build.0 = Debug|Any CPU
		{A61973BD-2944-44AF-9E96-29BC865827C0}.Debug|x86.ActiveCfg = Debug|Any CPU
		{A61973BD-2944-44AF-9E96-29BC865827C0}.Debug|x86.Build.0 = Debug|Any CPU
		{A61973BD-2944-44AF-9E96-29BC865827C0}.Release|Any CPU.ActiveCfg = Release|Any CPU
		{A61973BD-2944-44AF-9E96-29BC865827C0}.Release|Any CPU.Build.0 = Release|Any CPU
		{A61973BD-2944-44AF-9E96-29BC865827C0}.Release|x64.ActiveCfg = Release|Any CPU
		{A61973BD-2944-44AF-9E96-29BC865827C0}.Release|x64.Build.0 = Release|Any CPU
		{A61973BD-2944-44AF-9E96-29BC865827C0}.Release|x86.ActiveCfg = Release|Any CPU
		{A61973BD-2944-44AF-9E96-29BC865827C0}.Release|x86.Build.0 = Release|Any CPU
		{5EEC36CB-A61F-4F0D-8952-B70881ED1A93}.Debug|Any CPU.ActiveCfg = Debug|Any CPU
		{5EEC36CB-A61F-4F0D-8952-B70881ED1A93}.Debug|Any CPU.Build.0 = Debug|Any CPU
		{5EEC36CB-A61F-4F0D-8952-B70881ED1A93}.Debug|x64.ActiveCfg = Debug|Any CPU
		{5EEC36CB-A61F-4F0D-8952-B70881ED1A93}.Debug|x64.Build.0 = Debug|Any CPU
		{5EEC36CB-A61F-4F0D-8952-B70881ED1A93}.Debug|x86.ActiveCfg = Debug|Any CPU
		{5EEC36CB-A61F-4F0D-8952-B70881ED1A93}.Debug|x86.Build.0 = Debug|Any CPU
		{5EEC36CB-A61F-4F0D-8952-B70881ED1A93}.Release|Any CPU.ActiveCfg = Release|Any CPU
		{5EEC36CB-A61F-4F0D-8952-B70881ED1A93}.Release|Any CPU.Build.0 = Release|Any CPU
		{5EEC36CB-A61F-4F0D-8952-B70881ED1A93}.Release|x64.ActiveCfg = Release|Any CPU
		{5EEC36CB-A61F-4F0D-8952-B70881ED1A93}.Release|x64.Build.0 = Release|Any CPU
		{5EEC36CB-A61F-4F0D-8952-B70881ED1A93}.Release|x86.ActiveCfg = Release|Any CPU
		{5EEC36CB-A61F-4F0D-8952-B70881ED1A93}.Release|x86.Build.0 = Release|Any CPU
		{CB29D837-4AA4-48CB-B1B9-E99CE5F5279E}.Debug|Any CPU.ActiveCfg = Debug|Any CPU
		{CB29D837-4AA4-48CB-B1B9-E99CE5F5279E}.Debug|Any CPU.Build.0 = Debug|Any CPU
		{CB29D837-4AA4-48CB-B1B9-E99CE5F5279E}.Debug|x64.ActiveCfg = Debug|Any CPU
		{CB29D837-4AA4-48CB-B1B9-E99CE5F5279E}.Debug|x64.Build.0 = Debug|Any CPU
		{CB29D837-4AA4-48CB-B1B9-E99CE5F5279E}.Debug|x86.ActiveCfg = Debug|Any CPU
		{CB29D837-4AA4-48CB-B1B9-E99CE5F5279E}.Debug|x86.Build.0 = Debug|Any CPU
		{CB29D837-4AA4-48CB-B1B9-E99CE5F5279E}.Release|Any CPU.ActiveCfg = Release|Any CPU
		{CB29D837-4AA4-48CB-B1B9-E99CE5F5279E}.Release|Any CPU.Build.0 = Release|Any CPU
		{CB29D837-4AA4-48CB-B1B9-E99CE5F5279E}.Release|x64.ActiveCfg = Release|Any CPU
		{CB29D837-4AA4-48CB-B1B9-E99CE5F5279E}.Release|x64.Build.0 = Release|Any CPU
		{CB29D837-4AA4-48CB-B1B9-E99CE5F5279E}.Release|x86.ActiveCfg = Release|Any CPU
		{CB29D837-4AA4-48CB-B1B9-E99CE5F5279E}.Release|x86.Build.0 = Release|Any CPU
		{C74FFBD7-1A9B-48D0-B87E-2F96117BAE0B}.Debug|Any CPU.ActiveCfg = Debug|Any CPU
		{C74FFBD7-1A9B-48D0-B87E-2F96117BAE0B}.Debug|Any CPU.Build.0 = Debug|Any CPU
		{C74FFBD7-1A9B-48D0-B87E-2F96117BAE0B}.Debug|x64.ActiveCfg = Debug|Any CPU
		{C74FFBD7-1A9B-48D0-B87E-2F96117BAE0B}.Debug|x64.Build.0 = Debug|Any CPU
		{C74FFBD7-1A9B-48D0-B87E-2F96117BAE0B}.Debug|x86.ActiveCfg = Debug|Any CPU
		{C74FFBD7-1A9B-48D0-B87E-2F96117BAE0B}.Debug|x86.Build.0 = Debug|Any CPU
		{C74FFBD7-1A9B-48D0-B87E-2F96117BAE0B}.Release|Any CPU.ActiveCfg = Release|Any CPU
		{C74FFBD7-1A9B-48D0-B87E-2F96117BAE0B}.Release|Any CPU.Build.0 = Release|Any CPU
		{C74FFBD7-1A9B-48D0-B87E-2F96117BAE0B}.Release|x64.ActiveCfg = Release|Any CPU
		{C74FFBD7-1A9B-48D0-B87E-2F96117BAE0B}.Release|x64.Build.0 = Release|Any CPU
		{C74FFBD7-1A9B-48D0-B87E-2F96117BAE0B}.Release|x86.ActiveCfg = Release|Any CPU
		{C74FFBD7-1A9B-48D0-B87E-2F96117BAE0B}.Release|x86.Build.0 = Release|Any CPU
		{BA196463-1C25-473A-ACB5-D9CF435B9949}.Debug|Any CPU.ActiveCfg = Debug|Any CPU
		{BA196463-1C25-473A-ACB5-D9CF435B9949}.Debug|Any CPU.Build.0 = Debug|Any CPU
		{BA196463-1C25-473A-ACB5-D9CF435B9949}.Debug|x64.ActiveCfg = Debug|Any CPU
		{BA196463-1C25-473A-ACB5-D9CF435B9949}.Debug|x64.Build.0 = Debug|Any CPU
		{BA196463-1C25-473A-ACB5-D9CF435B9949}.Debug|x86.ActiveCfg = Debug|Any CPU
		{BA196463-1C25-473A-ACB5-D9CF435B9949}.Debug|x86.Build.0 = Debug|Any CPU
		{BA196463-1C25-473A-ACB5-D9CF435B9949}.Release|Any CPU.ActiveCfg = Release|Any CPU
		{BA196463-1C25-473A-ACB5-D9CF435B9949}.Release|Any CPU.Build.0 = Release|Any CPU
		{BA196463-1C25-473A-ACB5-D9CF435B9949}.Release|x64.ActiveCfg = Release|Any CPU
		{BA196463-1C25-473A-ACB5-D9CF435B9949}.Release|x64.Build.0 = Release|Any CPU
		{BA196463-1C25-473A-ACB5-D9CF435B9949}.Release|x86.ActiveCfg = Release|Any CPU
		{BA196463-1C25-473A-ACB5-D9CF435B9949}.Release|x86.Build.0 = Release|Any CPU
		{993ACEEB-C829-4FB6-B505-F5CEF7D0E524}.Debug|Any CPU.ActiveCfg = Debug|Any CPU
		{993ACEEB-C829-4FB6-B505-F5CEF7D0E524}.Debug|Any CPU.Build.0 = Debug|Any CPU
		{993ACEEB-C829-4FB6-B505-F5CEF7D0E524}.Debug|x64.ActiveCfg = Debug|Any CPU
		{993ACEEB-C829-4FB6-B505-F5CEF7D0E524}.Debug|x64.Build.0 = Debug|Any CPU
		{993ACEEB-C829-4FB6-B505-F5CEF7D0E524}.Debug|x86.ActiveCfg = Debug|Any CPU
		{993ACEEB-C829-4FB6-B505-F5CEF7D0E524}.Debug|x86.Build.0 = Debug|Any CPU
		{993ACEEB-C829-4FB6-B505-F5CEF7D0E524}.Release|Any CPU.ActiveCfg = Release|Any CPU
		{993ACEEB-C829-4FB6-B505-F5CEF7D0E524}.Release|Any CPU.Build.0 = Release|Any CPU
		{993ACEEB-C829-4FB6-B505-F5CEF7D0E524}.Release|x64.ActiveCfg = Release|Any CPU
		{993ACEEB-C829-4FB6-B505-F5CEF7D0E524}.Release|x64.Build.0 = Release|Any CPU
		{993ACEEB-C829-4FB6-B505-F5CEF7D0E524}.Release|x86.ActiveCfg = Release|Any CPU
		{993ACEEB-C829-4FB6-B505-F5CEF7D0E524}.Release|x86.Build.0 = Release|Any CPU
		{1E06C8A2-56D1-482B-9976-9A50FB3CB294}.Debug|Any CPU.ActiveCfg = Debug|Any CPU
		{1E06C8A2-56D1-482B-9976-9A50FB3CB294}.Debug|Any CPU.Build.0 = Debug|Any CPU
		{1E06C8A2-56D1-482B-9976-9A50FB3CB294}.Debug|x64.ActiveCfg = Debug|Any CPU
		{1E06C8A2-56D1-482B-9976-9A50FB3CB294}.Debug|x64.Build.0 = Debug|Any CPU
		{1E06C8A2-56D1-482B-9976-9A50FB3CB294}.Debug|x86.ActiveCfg = Debug|Any CPU
		{1E06C8A2-56D1-482B-9976-9A50FB3CB294}.Debug|x86.Build.0 = Debug|Any CPU
		{1E06C8A2-56D1-482B-9976-9A50FB3CB294}.Release|Any CPU.ActiveCfg = Release|Any CPU
		{1E06C8A2-56D1-482B-9976-9A50FB3CB294}.Release|Any CPU.Build.0 = Release|Any CPU
		{1E06C8A2-56D1-482B-9976-9A50FB3CB294}.Release|x64.ActiveCfg = Release|Any CPU
		{1E06C8A2-56D1-482B-9976-9A50FB3CB294}.Release|x64.Build.0 = Release|Any CPU
		{1E06C8A2-56D1-482B-9976-9A50FB3CB294}.Release|x86.ActiveCfg = Release|Any CPU
		{1E06C8A2-56D1-482B-9976-9A50FB3CB294}.Release|x86.Build.0 = Release|Any CPU
		{F58EEFAC-2871-4DE7-84BB-AE328EDDB19D}.Debug|Any CPU.ActiveCfg = Debug|Any CPU
		{F58EEFAC-2871-4DE7-84BB-AE328EDDB19D}.Debug|Any CPU.Build.0 = Debug|Any CPU
		{F58EEFAC-2871-4DE7-84BB-AE328EDDB19D}.Debug|x64.ActiveCfg = Debug|Any CPU
		{F58EEFAC-2871-4DE7-84BB-AE328EDDB19D}.Debug|x64.Build.0 = Debug|Any CPU
		{F58EEFAC-2871-4DE7-84BB-AE328EDDB19D}.Debug|x86.ActiveCfg = Debug|Any CPU
		{F58EEFAC-2871-4DE7-84BB-AE328EDDB19D}.Debug|x86.Build.0 = Debug|Any CPU
		{F58EEFAC-2871-4DE7-84BB-AE328EDDB19D}.Release|Any CPU.ActiveCfg = Release|Any CPU
		{F58EEFAC-2871-4DE7-84BB-AE328EDDB19D}.Release|Any CPU.Build.0 = Release|Any CPU
		{F58EEFAC-2871-4DE7-84BB-AE328EDDB19D}.Release|x64.ActiveCfg = Release|Any CPU
		{F58EEFAC-2871-4DE7-84BB-AE328EDDB19D}.Release|x64.Build.0 = Release|Any CPU
		{F58EEFAC-2871-4DE7-84BB-AE328EDDB19D}.Release|x86.ActiveCfg = Release|Any CPU
		{F58EEFAC-2871-4DE7-84BB-AE328EDDB19D}.Release|x86.Build.0 = Release|Any CPU
		{62BC8806-F55B-4D62-80CA-CE40C3F9B03F}.Debug|Any CPU.ActiveCfg = Debug|Any CPU
		{62BC8806-F55B-4D62-80CA-CE40C3F9B03F}.Debug|Any CPU.Build.0 = Debug|Any CPU
		{62BC8806-F55B-4D62-80CA-CE40C3F9B03F}.Debug|x64.ActiveCfg = Debug|Any CPU
		{62BC8806-F55B-4D62-80CA-CE40C3F9B03F}.Debug|x64.Build.0 = Debug|Any CPU
		{62BC8806-F55B-4D62-80CA-CE40C3F9B03F}.Debug|x86.ActiveCfg = Debug|Any CPU
		{62BC8806-F55B-4D62-80CA-CE40C3F9B03F}.Debug|x86.Build.0 = Debug|Any CPU
		{62BC8806-F55B-4D62-80CA-CE40C3F9B03F}.Release|Any CPU.ActiveCfg = Release|Any CPU
		{62BC8806-F55B-4D62-80CA-CE40C3F9B03F}.Release|Any CPU.Build.0 = Release|Any CPU
		{62BC8806-F55B-4D62-80CA-CE40C3F9B03F}.Release|x64.ActiveCfg = Release|Any CPU
		{62BC8806-F55B-4D62-80CA-CE40C3F9B03F}.Release|x64.Build.0 = Release|Any CPU
		{62BC8806-F55B-4D62-80CA-CE40C3F9B03F}.Release|x86.ActiveCfg = Release|Any CPU
		{62BC8806-F55B-4D62-80CA-CE40C3F9B03F}.Release|x86.Build.0 = Release|Any CPU
		{E34943D1-5932-46D7-9364-8EF9230D5B73}.Debug|Any CPU.ActiveCfg = Debug|Any CPU
		{E34943D1-5932-46D7-9364-8EF9230D5B73}.Debug|Any CPU.Build.0 = Debug|Any CPU
		{E34943D1-5932-46D7-9364-8EF9230D5B73}.Debug|x64.ActiveCfg = Debug|Any CPU
		{E34943D1-5932-46D7-9364-8EF9230D5B73}.Debug|x64.Build.0 = Debug|Any CPU
		{E34943D1-5932-46D7-9364-8EF9230D5B73}.Debug|x86.ActiveCfg = Debug|Any CPU
		{E34943D1-5932-46D7-9364-8EF9230D5B73}.Debug|x86.Build.0 = Debug|Any CPU
		{E34943D1-5932-46D7-9364-8EF9230D5B73}.Release|Any CPU.ActiveCfg = Release|Any CPU
		{E34943D1-5932-46D7-9364-8EF9230D5B73}.Release|Any CPU.Build.0 = Release|Any CPU
		{E34943D1-5932-46D7-9364-8EF9230D5B73}.Release|x64.ActiveCfg = Release|Any CPU
		{E34943D1-5932-46D7-9364-8EF9230D5B73}.Release|x64.Build.0 = Release|Any CPU
		{E34943D1-5932-46D7-9364-8EF9230D5B73}.Release|x86.ActiveCfg = Release|Any CPU
		{E34943D1-5932-46D7-9364-8EF9230D5B73}.Release|x86.Build.0 = Release|Any CPU
		{89265314-7EFA-41EC-B61E-6BA706D1F7C0}.Debug|Any CPU.ActiveCfg = Debug|Any CPU
		{89265314-7EFA-41EC-B61E-6BA706D1F7C0}.Debug|Any CPU.Build.0 = Debug|Any CPU
		{89265314-7EFA-41EC-B61E-6BA706D1F7C0}.Debug|x64.ActiveCfg = Debug|Any CPU
		{89265314-7EFA-41EC-B61E-6BA706D1F7C0}.Debug|x64.Build.0 = Debug|Any CPU
		{89265314-7EFA-41EC-B61E-6BA706D1F7C0}.Debug|x86.ActiveCfg = Debug|Any CPU
		{89265314-7EFA-41EC-B61E-6BA706D1F7C0}.Debug|x86.Build.0 = Debug|Any CPU
		{89265314-7EFA-41EC-B61E-6BA706D1F7C0}.Release|Any CPU.ActiveCfg = Release|Any CPU
		{89265314-7EFA-41EC-B61E-6BA706D1F7C0}.Release|Any CPU.Build.0 = Release|Any CPU
		{89265314-7EFA-41EC-B61E-6BA706D1F7C0}.Release|x64.ActiveCfg = Release|Any CPU
		{89265314-7EFA-41EC-B61E-6BA706D1F7C0}.Release|x64.Build.0 = Release|Any CPU
		{89265314-7EFA-41EC-B61E-6BA706D1F7C0}.Release|x86.ActiveCfg = Release|Any CPU
		{89265314-7EFA-41EC-B61E-6BA706D1F7C0}.Release|x86.Build.0 = Release|Any CPU
		{A873376F-F048-4D6F-985B-CB2561EF493E}.Debug|Any CPU.ActiveCfg = Debug|Any CPU
		{A873376F-F048-4D6F-985B-CB2561EF493E}.Debug|Any CPU.Build.0 = Debug|Any CPU
		{A873376F-F048-4D6F-985B-CB2561EF493E}.Debug|x64.ActiveCfg = Debug|Any CPU
		{A873376F-F048-4D6F-985B-CB2561EF493E}.Debug|x64.Build.0 = Debug|Any CPU
		{A873376F-F048-4D6F-985B-CB2561EF493E}.Debug|x86.ActiveCfg = Debug|Any CPU
		{A873376F-F048-4D6F-985B-CB2561EF493E}.Debug|x86.Build.0 = Debug|Any CPU
		{A873376F-F048-4D6F-985B-CB2561EF493E}.Release|Any CPU.ActiveCfg = Release|Any CPU
		{A873376F-F048-4D6F-985B-CB2561EF493E}.Release|Any CPU.Build.0 = Release|Any CPU
		{A873376F-F048-4D6F-985B-CB2561EF493E}.Release|x64.ActiveCfg = Release|Any CPU
		{A873376F-F048-4D6F-985B-CB2561EF493E}.Release|x64.Build.0 = Release|Any CPU
		{A873376F-F048-4D6F-985B-CB2561EF493E}.Release|x86.ActiveCfg = Release|Any CPU
		{A873376F-F048-4D6F-985B-CB2561EF493E}.Release|x86.Build.0 = Release|Any CPU
		{37FC753A-3849-4446-8279-624CC4D9F724}.Debug|Any CPU.ActiveCfg = Debug|Any CPU
		{37FC753A-3849-4446-8279-624CC4D9F724}.Debug|Any CPU.Build.0 = Debug|Any CPU
		{37FC753A-3849-4446-8279-624CC4D9F724}.Debug|x64.ActiveCfg = Debug|Any CPU
		{37FC753A-3849-4446-8279-624CC4D9F724}.Debug|x64.Build.0 = Debug|Any CPU
		{37FC753A-3849-4446-8279-624CC4D9F724}.Debug|x86.ActiveCfg = Debug|Any CPU
		{37FC753A-3849-4446-8279-624CC4D9F724}.Debug|x86.Build.0 = Debug|Any CPU
		{37FC753A-3849-4446-8279-624CC4D9F724}.Release|Any CPU.ActiveCfg = Release|Any CPU
		{37FC753A-3849-4446-8279-624CC4D9F724}.Release|Any CPU.Build.0 = Release|Any CPU
		{37FC753A-3849-4446-8279-624CC4D9F724}.Release|x64.ActiveCfg = Release|Any CPU
		{37FC753A-3849-4446-8279-624CC4D9F724}.Release|x64.Build.0 = Release|Any CPU
		{37FC753A-3849-4446-8279-624CC4D9F724}.Release|x86.ActiveCfg = Release|Any CPU
		{37FC753A-3849-4446-8279-624CC4D9F724}.Release|x86.Build.0 = Release|Any CPU
		{7BD6A1D2-B827-4ED0-9248-D685FE591DBB}.Debug|Any CPU.ActiveCfg = Debug|Any CPU
		{7BD6A1D2-B827-4ED0-9248-D685FE591DBB}.Debug|Any CPU.Build.0 = Debug|Any CPU
		{7BD6A1D2-B827-4ED0-9248-D685FE591DBB}.Debug|x64.ActiveCfg = Debug|Any CPU
		{7BD6A1D2-B827-4ED0-9248-D685FE591DBB}.Debug|x64.Build.0 = Debug|Any CPU
		{7BD6A1D2-B827-4ED0-9248-D685FE591DBB}.Debug|x86.ActiveCfg = Debug|Any CPU
		{7BD6A1D2-B827-4ED0-9248-D685FE591DBB}.Debug|x86.Build.0 = Debug|Any CPU
		{7BD6A1D2-B827-4ED0-9248-D685FE591DBB}.Release|Any CPU.ActiveCfg = Release|Any CPU
		{7BD6A1D2-B827-4ED0-9248-D685FE591DBB}.Release|Any CPU.Build.0 = Release|Any CPU
		{7BD6A1D2-B827-4ED0-9248-D685FE591DBB}.Release|x64.ActiveCfg = Release|Any CPU
		{7BD6A1D2-B827-4ED0-9248-D685FE591DBB}.Release|x64.Build.0 = Release|Any CPU
		{7BD6A1D2-B827-4ED0-9248-D685FE591DBB}.Release|x86.ActiveCfg = Release|Any CPU
		{7BD6A1D2-B827-4ED0-9248-D685FE591DBB}.Release|x86.Build.0 = Release|Any CPU
		{1C1E5B7A-54D0-4A30-9377-72FA7DAB9A48}.Debug|Any CPU.ActiveCfg = Debug|Any CPU
		{1C1E5B7A-54D0-4A30-9377-72FA7DAB9A48}.Debug|Any CPU.Build.0 = Debug|Any CPU
		{1C1E5B7A-54D0-4A30-9377-72FA7DAB9A48}.Debug|x64.ActiveCfg = Debug|Any CPU
		{1C1E5B7A-54D0-4A30-9377-72FA7DAB9A48}.Debug|x64.Build.0 = Debug|Any CPU
		{1C1E5B7A-54D0-4A30-9377-72FA7DAB9A48}.Debug|x86.ActiveCfg = Debug|Any CPU
		{1C1E5B7A-54D0-4A30-9377-72FA7DAB9A48}.Debug|x86.Build.0 = Debug|Any CPU
		{1C1E5B7A-54D0-4A30-9377-72FA7DAB9A48}.Release|Any CPU.ActiveCfg = Release|Any CPU
		{1C1E5B7A-54D0-4A30-9377-72FA7DAB9A48}.Release|Any CPU.Build.0 = Release|Any CPU
		{1C1E5B7A-54D0-4A30-9377-72FA7DAB9A48}.Release|x64.ActiveCfg = Release|Any CPU
		{1C1E5B7A-54D0-4A30-9377-72FA7DAB9A48}.Release|x64.Build.0 = Release|Any CPU
		{1C1E5B7A-54D0-4A30-9377-72FA7DAB9A48}.Release|x86.ActiveCfg = Release|Any CPU
		{1C1E5B7A-54D0-4A30-9377-72FA7DAB9A48}.Release|x86.Build.0 = Release|Any CPU
		{DB34BE1F-56D9-4C7F-A7CB-9F34B5CF4342}.Debug|Any CPU.ActiveCfg = Debug|Any CPU
		{DB34BE1F-56D9-4C7F-A7CB-9F34B5CF4342}.Debug|Any CPU.Build.0 = Debug|Any CPU
		{DB34BE1F-56D9-4C7F-A7CB-9F34B5CF4342}.Debug|x64.ActiveCfg = Debug|Any CPU
		{DB34BE1F-56D9-4C7F-A7CB-9F34B5CF4342}.Debug|x64.Build.0 = Debug|Any CPU
		{DB34BE1F-56D9-4C7F-A7CB-9F34B5CF4342}.Debug|x86.ActiveCfg = Debug|Any CPU
		{DB34BE1F-56D9-4C7F-A7CB-9F34B5CF4342}.Debug|x86.Build.0 = Debug|Any CPU
		{DB34BE1F-56D9-4C7F-A7CB-9F34B5CF4342}.Release|Any CPU.ActiveCfg = Release|Any CPU
		{DB34BE1F-56D9-4C7F-A7CB-9F34B5CF4342}.Release|Any CPU.Build.0 = Release|Any CPU
		{DB34BE1F-56D9-4C7F-A7CB-9F34B5CF4342}.Release|x64.ActiveCfg = Release|Any CPU
		{DB34BE1F-56D9-4C7F-A7CB-9F34B5CF4342}.Release|x64.Build.0 = Release|Any CPU
		{DB34BE1F-56D9-4C7F-A7CB-9F34B5CF4342}.Release|x86.ActiveCfg = Release|Any CPU
		{DB34BE1F-56D9-4C7F-A7CB-9F34B5CF4342}.Release|x86.Build.0 = Release|Any CPU
		{3C7CBA22-3C2C-499B-9BF9-B76C44CB59BA}.Debug|Any CPU.ActiveCfg = Debug|Any CPU
		{3C7CBA22-3C2C-499B-9BF9-B76C44CB59BA}.Debug|Any CPU.Build.0 = Debug|Any CPU
		{3C7CBA22-3C2C-499B-9BF9-B76C44CB59BA}.Debug|x64.ActiveCfg = Debug|Any CPU
		{3C7CBA22-3C2C-499B-9BF9-B76C44CB59BA}.Debug|x64.Build.0 = Debug|Any CPU
		{3C7CBA22-3C2C-499B-9BF9-B76C44CB59BA}.Debug|x86.ActiveCfg = Debug|Any CPU
		{3C7CBA22-3C2C-499B-9BF9-B76C44CB59BA}.Debug|x86.Build.0 = Debug|Any CPU
		{3C7CBA22-3C2C-499B-9BF9-B76C44CB59BA}.Release|Any CPU.ActiveCfg = Release|Any CPU
		{3C7CBA22-3C2C-499B-9BF9-B76C44CB59BA}.Release|Any CPU.Build.0 = Release|Any CPU
		{3C7CBA22-3C2C-499B-9BF9-B76C44CB59BA}.Release|x64.ActiveCfg = Release|Any CPU
		{3C7CBA22-3C2C-499B-9BF9-B76C44CB59BA}.Release|x64.Build.0 = Release|Any CPU
		{3C7CBA22-3C2C-499B-9BF9-B76C44CB59BA}.Release|x86.ActiveCfg = Release|Any CPU
		{3C7CBA22-3C2C-499B-9BF9-B76C44CB59BA}.Release|x86.Build.0 = Release|Any CPU
		{0762161B-829E-48DE-9886-68A82C1EE832}.Debug|Any CPU.ActiveCfg = Debug|Any CPU
		{0762161B-829E-48DE-9886-68A82C1EE832}.Debug|Any CPU.Build.0 = Debug|Any CPU
		{0762161B-829E-48DE-9886-68A82C1EE832}.Debug|x64.ActiveCfg = Debug|Any CPU
		{0762161B-829E-48DE-9886-68A82C1EE832}.Debug|x64.Build.0 = Debug|Any CPU
		{0762161B-829E-48DE-9886-68A82C1EE832}.Debug|x86.ActiveCfg = Debug|Any CPU
		{0762161B-829E-48DE-9886-68A82C1EE832}.Debug|x86.Build.0 = Debug|Any CPU
		{0762161B-829E-48DE-9886-68A82C1EE832}.Release|Any CPU.ActiveCfg = Release|Any CPU
		{0762161B-829E-48DE-9886-68A82C1EE832}.Release|Any CPU.Build.0 = Release|Any CPU
		{0762161B-829E-48DE-9886-68A82C1EE832}.Release|x64.ActiveCfg = Release|Any CPU
		{0762161B-829E-48DE-9886-68A82C1EE832}.Release|x64.Build.0 = Release|Any CPU
		{0762161B-829E-48DE-9886-68A82C1EE832}.Release|x86.ActiveCfg = Release|Any CPU
		{0762161B-829E-48DE-9886-68A82C1EE832}.Release|x86.Build.0 = Release|Any CPU
		{1817F0A6-AC2E-4E03-ADB8-30B7E5B136A4}.Debug|Any CPU.ActiveCfg = Debug|Any CPU
		{1817F0A6-AC2E-4E03-ADB8-30B7E5B136A4}.Debug|Any CPU.Build.0 = Debug|Any CPU
		{1817F0A6-AC2E-4E03-ADB8-30B7E5B136A4}.Debug|x64.ActiveCfg = Debug|Any CPU
		{1817F0A6-AC2E-4E03-ADB8-30B7E5B136A4}.Debug|x64.Build.0 = Debug|Any CPU
		{1817F0A6-AC2E-4E03-ADB8-30B7E5B136A4}.Debug|x86.ActiveCfg = Debug|Any CPU
		{1817F0A6-AC2E-4E03-ADB8-30B7E5B136A4}.Debug|x86.Build.0 = Debug|Any CPU
		{1817F0A6-AC2E-4E03-ADB8-30B7E5B136A4}.Release|Any CPU.ActiveCfg = Release|Any CPU
		{1817F0A6-AC2E-4E03-ADB8-30B7E5B136A4}.Release|Any CPU.Build.0 = Release|Any CPU
		{1817F0A6-AC2E-4E03-ADB8-30B7E5B136A4}.Release|x64.ActiveCfg = Release|Any CPU
		{1817F0A6-AC2E-4E03-ADB8-30B7E5B136A4}.Release|x64.Build.0 = Release|Any CPU
		{1817F0A6-AC2E-4E03-ADB8-30B7E5B136A4}.Release|x86.ActiveCfg = Release|Any CPU
		{1817F0A6-AC2E-4E03-ADB8-30B7E5B136A4}.Release|x86.Build.0 = Release|Any CPU
		{C4BDC292-EACC-47E2-8BE8-056067176A23}.Debug|Any CPU.ActiveCfg = Debug|Any CPU
		{C4BDC292-EACC-47E2-8BE8-056067176A23}.Debug|Any CPU.Build.0 = Debug|Any CPU
		{C4BDC292-EACC-47E2-8BE8-056067176A23}.Debug|x64.ActiveCfg = Debug|Any CPU
		{C4BDC292-EACC-47E2-8BE8-056067176A23}.Debug|x64.Build.0 = Debug|Any CPU
		{C4BDC292-EACC-47E2-8BE8-056067176A23}.Debug|x86.ActiveCfg = Debug|Any CPU
		{C4BDC292-EACC-47E2-8BE8-056067176A23}.Debug|x86.Build.0 = Debug|Any CPU
		{C4BDC292-EACC-47E2-8BE8-056067176A23}.Release|Any CPU.ActiveCfg = Release|Any CPU
		{C4BDC292-EACC-47E2-8BE8-056067176A23}.Release|Any CPU.Build.0 = Release|Any CPU
		{C4BDC292-EACC-47E2-8BE8-056067176A23}.Release|x64.ActiveCfg = Release|Any CPU
		{C4BDC292-EACC-47E2-8BE8-056067176A23}.Release|x64.Build.0 = Release|Any CPU
		{C4BDC292-EACC-47E2-8BE8-056067176A23}.Release|x86.ActiveCfg = Release|Any CPU
		{C4BDC292-EACC-47E2-8BE8-056067176A23}.Release|x86.Build.0 = Release|Any CPU
		{3D274F0D-4090-4C77-BC38-C6A48584A5EC}.Debug|Any CPU.ActiveCfg = Debug|Any CPU
		{3D274F0D-4090-4C77-BC38-C6A48584A5EC}.Debug|Any CPU.Build.0 = Debug|Any CPU
		{3D274F0D-4090-4C77-BC38-C6A48584A5EC}.Debug|x64.ActiveCfg = Debug|Any CPU
		{3D274F0D-4090-4C77-BC38-C6A48584A5EC}.Debug|x64.Build.0 = Debug|Any CPU
		{3D274F0D-4090-4C77-BC38-C6A48584A5EC}.Debug|x86.ActiveCfg = Debug|Any CPU
		{3D274F0D-4090-4C77-BC38-C6A48584A5EC}.Debug|x86.Build.0 = Debug|Any CPU
		{3D274F0D-4090-4C77-BC38-C6A48584A5EC}.Release|Any CPU.ActiveCfg = Release|Any CPU
		{3D274F0D-4090-4C77-BC38-C6A48584A5EC}.Release|Any CPU.Build.0 = Release|Any CPU
		{3D274F0D-4090-4C77-BC38-C6A48584A5EC}.Release|x64.ActiveCfg = Release|Any CPU
		{3D274F0D-4090-4C77-BC38-C6A48584A5EC}.Release|x64.Build.0 = Release|Any CPU
		{3D274F0D-4090-4C77-BC38-C6A48584A5EC}.Release|x86.ActiveCfg = Release|Any CPU
		{3D274F0D-4090-4C77-BC38-C6A48584A5EC}.Release|x86.Build.0 = Release|Any CPU
		{EBAC6D51-1D42-4337-9E43-DD5B641789D3}.Debug|Any CPU.ActiveCfg = Debug|Any CPU
		{EBAC6D51-1D42-4337-9E43-DD5B641789D3}.Debug|Any CPU.Build.0 = Debug|Any CPU
		{EBAC6D51-1D42-4337-9E43-DD5B641789D3}.Debug|x64.ActiveCfg = Debug|Any CPU
		{EBAC6D51-1D42-4337-9E43-DD5B641789D3}.Debug|x64.Build.0 = Debug|Any CPU
		{EBAC6D51-1D42-4337-9E43-DD5B641789D3}.Debug|x86.ActiveCfg = Debug|Any CPU
		{EBAC6D51-1D42-4337-9E43-DD5B641789D3}.Debug|x86.Build.0 = Debug|Any CPU
		{EBAC6D51-1D42-4337-9E43-DD5B641789D3}.Release|Any CPU.ActiveCfg = Release|Any CPU
		{EBAC6D51-1D42-4337-9E43-DD5B641789D3}.Release|Any CPU.Build.0 = Release|Any CPU
		{EBAC6D51-1D42-4337-9E43-DD5B641789D3}.Release|x64.ActiveCfg = Release|Any CPU
		{EBAC6D51-1D42-4337-9E43-DD5B641789D3}.Release|x64.Build.0 = Release|Any CPU
		{EBAC6D51-1D42-4337-9E43-DD5B641789D3}.Release|x86.ActiveCfg = Release|Any CPU
		{EBAC6D51-1D42-4337-9E43-DD5B641789D3}.Release|x86.Build.0 = Release|Any CPU
		{BC153B63-6F52-4256-A7E7-BC38224B940A}.Debug|Any CPU.ActiveCfg = Debug|Any CPU
		{BC153B63-6F52-4256-A7E7-BC38224B940A}.Debug|Any CPU.Build.0 = Debug|Any CPU
		{BC153B63-6F52-4256-A7E7-BC38224B940A}.Debug|x64.ActiveCfg = Debug|Any CPU
		{BC153B63-6F52-4256-A7E7-BC38224B940A}.Debug|x64.Build.0 = Debug|Any CPU
		{BC153B63-6F52-4256-A7E7-BC38224B940A}.Debug|x86.ActiveCfg = Debug|Any CPU
		{BC153B63-6F52-4256-A7E7-BC38224B940A}.Debug|x86.Build.0 = Debug|Any CPU
		{BC153B63-6F52-4256-A7E7-BC38224B940A}.Release|Any CPU.ActiveCfg = Release|Any CPU
		{BC153B63-6F52-4256-A7E7-BC38224B940A}.Release|Any CPU.Build.0 = Release|Any CPU
		{BC153B63-6F52-4256-A7E7-BC38224B940A}.Release|x64.ActiveCfg = Release|Any CPU
		{BC153B63-6F52-4256-A7E7-BC38224B940A}.Release|x64.Build.0 = Release|Any CPU
		{BC153B63-6F52-4256-A7E7-BC38224B940A}.Release|x86.ActiveCfg = Release|Any CPU
		{BC153B63-6F52-4256-A7E7-BC38224B940A}.Release|x86.Build.0 = Release|Any CPU
		{0A6EDE35-4B69-4D96-883D-CE51A4882189}.Debug|Any CPU.ActiveCfg = Debug|Any CPU
		{0A6EDE35-4B69-4D96-883D-CE51A4882189}.Debug|Any CPU.Build.0 = Debug|Any CPU
		{0A6EDE35-4B69-4D96-883D-CE51A4882189}.Debug|x64.ActiveCfg = Debug|Any CPU
		{0A6EDE35-4B69-4D96-883D-CE51A4882189}.Debug|x64.Build.0 = Debug|Any CPU
		{0A6EDE35-4B69-4D96-883D-CE51A4882189}.Debug|x86.ActiveCfg = Debug|Any CPU
		{0A6EDE35-4B69-4D96-883D-CE51A4882189}.Debug|x86.Build.0 = Debug|Any CPU
		{0A6EDE35-4B69-4D96-883D-CE51A4882189}.Release|Any CPU.ActiveCfg = Release|Any CPU
		{0A6EDE35-4B69-4D96-883D-CE51A4882189}.Release|Any CPU.Build.0 = Release|Any CPU
		{0A6EDE35-4B69-4D96-883D-CE51A4882189}.Release|x64.ActiveCfg = Release|Any CPU
		{0A6EDE35-4B69-4D96-883D-CE51A4882189}.Release|x64.Build.0 = Release|Any CPU
		{0A6EDE35-4B69-4D96-883D-CE51A4882189}.Release|x86.ActiveCfg = Release|Any CPU
		{0A6EDE35-4B69-4D96-883D-CE51A4882189}.Release|x86.Build.0 = Release|Any CPU
		{64DB3BCB-F375-4107-856E-60FA46A002C9}.Debug|Any CPU.ActiveCfg = Debug|Any CPU
		{64DB3BCB-F375-4107-856E-60FA46A002C9}.Debug|Any CPU.Build.0 = Debug|Any CPU
		{64DB3BCB-F375-4107-856E-60FA46A002C9}.Debug|x64.ActiveCfg = Debug|Any CPU
		{64DB3BCB-F375-4107-856E-60FA46A002C9}.Debug|x64.Build.0 = Debug|Any CPU
		{64DB3BCB-F375-4107-856E-60FA46A002C9}.Debug|x86.ActiveCfg = Debug|Any CPU
		{64DB3BCB-F375-4107-856E-60FA46A002C9}.Debug|x86.Build.0 = Debug|Any CPU
		{64DB3BCB-F375-4107-856E-60FA46A002C9}.Release|Any CPU.ActiveCfg = Release|Any CPU
		{64DB3BCB-F375-4107-856E-60FA46A002C9}.Release|Any CPU.Build.0 = Release|Any CPU
		{64DB3BCB-F375-4107-856E-60FA46A002C9}.Release|x64.ActiveCfg = Release|Any CPU
		{64DB3BCB-F375-4107-856E-60FA46A002C9}.Release|x64.Build.0 = Release|Any CPU
		{64DB3BCB-F375-4107-856E-60FA46A002C9}.Release|x86.ActiveCfg = Release|Any CPU
		{64DB3BCB-F375-4107-856E-60FA46A002C9}.Release|x86.Build.0 = Release|Any CPU
		{F28F58F2-7C8C-4C43-A75C-76E7375F4DD1}.Debug|Any CPU.ActiveCfg = Debug|Any CPU
		{F28F58F2-7C8C-4C43-A75C-76E7375F4DD1}.Debug|Any CPU.Build.0 = Debug|Any CPU
		{F28F58F2-7C8C-4C43-A75C-76E7375F4DD1}.Debug|x64.ActiveCfg = Debug|Any CPU
		{F28F58F2-7C8C-4C43-A75C-76E7375F4DD1}.Debug|x64.Build.0 = Debug|Any CPU
		{F28F58F2-7C8C-4C43-A75C-76E7375F4DD1}.Debug|x86.ActiveCfg = Debug|Any CPU
		{F28F58F2-7C8C-4C43-A75C-76E7375F4DD1}.Debug|x86.Build.0 = Debug|Any CPU
		{F28F58F2-7C8C-4C43-A75C-76E7375F4DD1}.Release|Any CPU.ActiveCfg = Release|Any CPU
		{F28F58F2-7C8C-4C43-A75C-76E7375F4DD1}.Release|Any CPU.Build.0 = Release|Any CPU
		{F28F58F2-7C8C-4C43-A75C-76E7375F4DD1}.Release|x64.ActiveCfg = Release|Any CPU
		{F28F58F2-7C8C-4C43-A75C-76E7375F4DD1}.Release|x64.Build.0 = Release|Any CPU
		{F28F58F2-7C8C-4C43-A75C-76E7375F4DD1}.Release|x86.ActiveCfg = Release|Any CPU
		{F28F58F2-7C8C-4C43-A75C-76E7375F4DD1}.Release|x86.Build.0 = Release|Any CPU
		{B7B28DA2-C9B3-4345-AD9A-7724FEE158BB}.Debug|Any CPU.ActiveCfg = Debug|Any CPU
		{B7B28DA2-C9B3-4345-AD9A-7724FEE158BB}.Debug|Any CPU.Build.0 = Debug|Any CPU
		{B7B28DA2-C9B3-4345-AD9A-7724FEE158BB}.Debug|x64.ActiveCfg = Debug|Any CPU
		{B7B28DA2-C9B3-4345-AD9A-7724FEE158BB}.Debug|x64.Build.0 = Debug|Any CPU
		{B7B28DA2-C9B3-4345-AD9A-7724FEE158BB}.Debug|x86.ActiveCfg = Debug|Any CPU
		{B7B28DA2-C9B3-4345-AD9A-7724FEE158BB}.Debug|x86.Build.0 = Debug|Any CPU
		{B7B28DA2-C9B3-4345-AD9A-7724FEE158BB}.Release|Any CPU.ActiveCfg = Release|Any CPU
		{B7B28DA2-C9B3-4345-AD9A-7724FEE158BB}.Release|Any CPU.Build.0 = Release|Any CPU
		{B7B28DA2-C9B3-4345-AD9A-7724FEE158BB}.Release|x64.ActiveCfg = Release|Any CPU
		{B7B28DA2-C9B3-4345-AD9A-7724FEE158BB}.Release|x64.Build.0 = Release|Any CPU
		{B7B28DA2-C9B3-4345-AD9A-7724FEE158BB}.Release|x86.ActiveCfg = Release|Any CPU
		{B7B28DA2-C9B3-4345-AD9A-7724FEE158BB}.Release|x86.Build.0 = Release|Any CPU
		{1C0FA3FB-8D23-471E-8285-3CB7E87EC2A4}.Debug|Any CPU.ActiveCfg = Debug|Any CPU
		{1C0FA3FB-8D23-471E-8285-3CB7E87EC2A4}.Debug|Any CPU.Build.0 = Debug|Any CPU
		{1C0FA3FB-8D23-471E-8285-3CB7E87EC2A4}.Debug|x64.ActiveCfg = Debug|Any CPU
		{1C0FA3FB-8D23-471E-8285-3CB7E87EC2A4}.Debug|x64.Build.0 = Debug|Any CPU
		{1C0FA3FB-8D23-471E-8285-3CB7E87EC2A4}.Debug|x86.ActiveCfg = Debug|Any CPU
		{1C0FA3FB-8D23-471E-8285-3CB7E87EC2A4}.Debug|x86.Build.0 = Debug|Any CPU
		{1C0FA3FB-8D23-471E-8285-3CB7E87EC2A4}.Release|Any CPU.ActiveCfg = Release|Any CPU
		{1C0FA3FB-8D23-471E-8285-3CB7E87EC2A4}.Release|Any CPU.Build.0 = Release|Any CPU
		{1C0FA3FB-8D23-471E-8285-3CB7E87EC2A4}.Release|x64.ActiveCfg = Release|Any CPU
		{1C0FA3FB-8D23-471E-8285-3CB7E87EC2A4}.Release|x64.Build.0 = Release|Any CPU
		{1C0FA3FB-8D23-471E-8285-3CB7E87EC2A4}.Release|x86.ActiveCfg = Release|Any CPU
		{1C0FA3FB-8D23-471E-8285-3CB7E87EC2A4}.Release|x86.Build.0 = Release|Any CPU
		{F92BBA40-FC82-4BF4-8899-8C7C23B97681}.Debug|Any CPU.ActiveCfg = Debug|Any CPU
		{F92BBA40-FC82-4BF4-8899-8C7C23B97681}.Debug|Any CPU.Build.0 = Debug|Any CPU
		{F92BBA40-FC82-4BF4-8899-8C7C23B97681}.Debug|x64.ActiveCfg = Debug|Any CPU
		{F92BBA40-FC82-4BF4-8899-8C7C23B97681}.Debug|x64.Build.0 = Debug|Any CPU
		{F92BBA40-FC82-4BF4-8899-8C7C23B97681}.Debug|x86.ActiveCfg = Debug|Any CPU
		{F92BBA40-FC82-4BF4-8899-8C7C23B97681}.Debug|x86.Build.0 = Debug|Any CPU
		{F92BBA40-FC82-4BF4-8899-8C7C23B97681}.Release|Any CPU.ActiveCfg = Release|Any CPU
		{F92BBA40-FC82-4BF4-8899-8C7C23B97681}.Release|Any CPU.Build.0 = Release|Any CPU
		{F92BBA40-FC82-4BF4-8899-8C7C23B97681}.Release|x64.ActiveCfg = Release|Any CPU
		{F92BBA40-FC82-4BF4-8899-8C7C23B97681}.Release|x64.Build.0 = Release|Any CPU
		{F92BBA40-FC82-4BF4-8899-8C7C23B97681}.Release|x86.ActiveCfg = Release|Any CPU
		{F92BBA40-FC82-4BF4-8899-8C7C23B97681}.Release|x86.Build.0 = Release|Any CPU
	EndGlobalSection
	GlobalSection(SolutionProperties) = preSolution
		HideSolutionNode = FALSE
	EndGlobalSection
EndGlobal
